Microsoft Visual Studio Solution File, Format Version 12.00
# Visual Studio Version 17
VisualStudioVersion = 17.5.2.0
MinimumVisualStudioVersion = 10.0.40219.1
Project("{2150E333-8FDC-42A3-9474-1A3956D46DE8}") = "assignment-1", "assignment-1", "{5EB2FA33-26E5-0EC2-B757-5123A6095512}"
EndProject
Project("{FAE04EC0-301F-11D3-BF4B-00C04F79EFBC}") = "Assignment", "assignment-1\Assignment.csproj", "{1FB8506C-BE9D-A60C-1381-F3C8D352EA4A}"
EndProject
Global
	GlobalSection(SolutionConfigurationPlatforms) = preSolution
		Debug|Any CPU = Debug|Any CPU
		Release|Any CPU = Release|Any CPU
	EndGlobalSection
	GlobalSection(ProjectConfigurationPlatforms) = postSolution
		{1FB8506C-BE9D-A60C-1381-F3C8D352EA4A}.Debug|Any CPU.ActiveCfg = Debug|Any CPU
		{1FB8506C-BE9D-A60C-1381-F3C8D352EA4A}.Debug|Any CPU.Build.0 = Debug|Any CPU
		{1FB8506C-BE9D-A60C-1381-F3C8D352EA4A}.Release|Any CPU.ActiveCfg = Release|Any CPU
		{1FB8506C-BE9D-A60C-1381-F3C8D352EA4A}.Release|Any CPU.Build.0 = Release|Any CPU
	EndGlobalSection
	GlobalSection(SolutionProperties) = preSolution
		HideSolutionNode = FALSE
	EndGlobalSection
	GlobalSection(NestedProjects) = preSolution
		{1FB8506C-BE9D-A60C-1381-F3C8D352EA4A} = {5EB2FA33-26E5-0EC2-B757-5123A6095512}
	EndGlobalSection
	GlobalSection(ExtensibilityGlobals) = postSolution
		SolutionGuid = {F3DAD407-1821-4861-8F6E-C1976099A6F7}
	EndGlobalSection
EndGlobal
